
Microsoft Visual Studio Solution File, Format Version 12.00
# Visual Studio Version 17
VisualStudioVersion = 17.4.33213.308
MinimumVisualStudioVersion = 10.0.40219.1
Project("{9A19103F-16F7-4668-BE54-9A1E7A4F7556}") = "PocketMoneyChores", "PocketMoneyChores.csproj", "{803C099C-7F9A-482D-A1EB-367953B50CF2}"
EndProject
Project("{FAE04EC0-301F-11D3-BF4B-00C04F79EFBC}") = "PocketMoneyChores.Domain", "..\PocketMoneyChores.Domain\PocketMoneyChores.Domain.csproj", "{38B08F89-A0EB-4CBB-A147-AFF99E0AF2E1}"
EndProject
Global
	GlobalSection(SolutionConfigurationPlatforms) = preSolution
		Debug|Any CPU = Debug|Any CPU
		Release|Any CPU = Release|Any CPU
	EndGlobalSection
	GlobalSection(ProjectConfigurationPlatforms) = postSolution
		{803C099C-7F9A-482D-A1EB-367953B50CF2}.Debug|Any CPU.ActiveCfg = Debug|Any CPU
		{803C099C-7F9A-482D-A1EB-367953B50CF2}.Debug|Any CPU.Build.0 = Debug|Any CPU
		{803C099C-7F9A-482D-A1EB-367953B50CF2}.Release|Any CPU.ActiveCfg = Release|Any CPU
		{803C099C-7F9A-482D-A1EB-367953B50CF2}.Release|Any CPU.Build.0 = Release|Any CPU
		{38B08F89-A0EB-4CBB-A147-AFF99E0AF2E1}.Debug|Any CPU.ActiveCfg = Debug|Any CPU
		{38B08F89-A0EB-4CBB-A147-AFF99E0AF2E1}.Debug|Any CPU.Build.0 = Debug|Any CPU
		{38B08F89-A0EB-4CBB-A147-AFF99E0AF2E1}.Release|Any CPU.ActiveCfg = Release|Any CPU
		{38B08F89-A0EB-4CBB-A147-AFF99E0AF2E1}.Release|Any CPU.Build.0 = Release|Any CPU
	EndGlobalSection
	GlobalSection(SolutionProperties) = preSolution
		HideSolutionNode = FALSE
	EndGlobalSection
	GlobalSection(ExtensibilityGlobals) = postSolution
		SolutionGuid = {73DF3206-6DC3-49A9-9026-0ECCB985075A}
	EndGlobalSection
EndGlobal
